
Microsoft Visual Studio Solution File, Format Version 12.00
# Visual Studio 15
Project("{FAE04EC0-301F-11D3-BF4B-00C04F79EFBC}") = "Unity.Timeline", "Unity.Timeline.csproj", "{586FE5CE-9D34-AD5F-4EF5-2B89CB91B0F0}"
EndProject
Project("{FAE04EC0-301F-11D3-BF4B-00C04F79EFBC}") = "Unity.Timeline.Editor", "Unity.Timeline.Editor.csproj", "{390A5B23-227B-F28B-E86D-DB576DA898F0}"
EndProject
Project("{FAE04EC0-301F-11D3-BF4B-00C04F79EFBC}") = "Unity.TextMeshPro.Editor", "Unity.TextMeshPro.Editor.csproj", "{37F7C85D-7B21-540C-8C79-62F4CBFB28D8}"
EndProject
Project("{FAE04EC0-301F-11D3-BF4B-00C04F79EFBC}") = "Unity.PlasticSCM.Editor", "Unity.PlasticSCM.Editor.csproj", "{DFD9220E-7A90-B65F-5CC2-BE8F602F78BE}"
EndProject
Project("{FAE04EC0-301F-11D3-BF4B-00C04F79EFBC}") = "Unity.VisualScripting.Flow", "Unity.VisualScripting.Flow.csproj", "{8B8FF86E-53C5-DE5D-5053-0DDB0065F6A6}"
EndProject
Project("{FAE04EC0-301F-11D3-BF4B-00C04F79EFBC}") = "UnityEditor.UI", "UnityEditor.UI.csproj", "{807E8D70-5757-B894-681C-14BE05FFCE8B}"
EndProject
Project("{FAE04EC0-301F-11D3-BF4B-00C04F79EFBC}") = "Unity.VisualScripting.Core", "Unity.VisualScripting.Core.csproj", "{2C35886A-E435-0FB0-91F8-3DE66D264D2E}"
EndProject
Project("{FAE04EC0-301F-11D3-BF4B-00C04F79EFBC}") = "Unity.VisualScripting.Core.Editor", "Unity.VisualScripting.Core.Editor.csproj", "{B046A7EB-6C79-2E57-5C26-1E8C06AB6DB8}"
EndProject
Project("{FAE04EC0-301F-11D3-BF4B-00C04F79EFBC}") = "Unity.VisualScripting.Flow.Editor", "Unity.VisualScripting.Flow.Editor.csproj", "{36787CEC-CCD7-5B32-0C8C-BEA252440EC3}"
EndProject
Project("{FAE04EC0-301F-11D3-BF4B-00C04F79EFBC}") = "UnityEditor.TestRunner", "UnityEditor.TestRunner.csproj", "{DED1D101-BFAB-A5D5-D4DD-A6BA0669877C}"
EndProject
Project("{FAE04EC0-301F-11D3-BF4B-00C04F79EFBC}") = "Unity.VisualScripting.SettingsProvider.Editor", "Unity.VisualScripting.SettingsProvider.Editor.csproj", "{203A26B9-AC9C-3163-E207-EC55763F8C5E}"
EndProject
Project("{FAE04EC0-301F-11D3-BF4B-00C04F79EFBC}") = "UnityEngine.TestRunner", "UnityEngine.TestRunner.csproj", "{D34CA44D-A573-46C5-05FC-350B23D7EEF1}"
EndProject
Project("{FAE04EC0-301F-11D3-BF4B-00C04F79EFBC}") = "UnityEngine.UI", "UnityEngine.UI.csproj", "{A756AAA7-DC0D-F335-E1B6-B3DFCEB9C8A6}"
EndProject
Project("{FAE04EC0-301F-11D3-BF4B-00C04F79EFBC}") = "Unity.VisualStudio.Editor", "Unity.VisualStudio.Editor.csproj", "{B520C8CC-AD81-D363-003A-E360B92CCD3A}"
EndProject
Project("{FAE04EC0-301F-11D3-BF4B-00C04F79EFBC}") = "Unity.TestTools.CodeCoverage.Editor.OpenCover.Model", "Unity.TestTools.CodeCoverage.Editor.OpenCover.Model.csproj", "{CB705C30-AD11-09EF-9D2F-335C0F76E7D7}"
EndProject
Project("{FAE04EC0-301F-11D3-BF4B-00C04F79EFBC}") = "Unity.Rider.Editor", "Unity.Rider.Editor.csproj", "{E05A178B-218B-872E-B1FD-9DBD578A3817}"
EndProject
Project("{FAE04EC0-301F-11D3-BF4B-00C04F79EFBC}") = "Unity.CollabProxy.Editor", "Unity.CollabProxy.Editor.csproj", "{47C93A11-21C0-3BD6-7486-899A17443305}"
EndProject
Project("{FAE04EC0-301F-11D3-BF4B-00C04F79EFBC}") = "Unity.VisualScripting.State.Editor", "Unity.VisualScripting.State.Editor.csproj", "{CDED9A78-CBF1-6045-A78A-4E50EC577A38}"
EndProject
Project("{FAE04EC0-301F-11D3-BF4B-00C04F79EFBC}") = "Unity.TestTools.CodeCoverage.Editor", "Unity.TestTools.CodeCoverage.Editor.csproj", "{86A1C625-C8CF-271D-B18B-C6CBA8560CA6}"
EndProject
Project("{FAE04EC0-301F-11D3-BF4B-00C04F79EFBC}") = "Unity.VisualScripting.State", "Unity.VisualScripting.State.csproj", "{FF1CA2E1-3536-67AF-8BC6-EAE45C724DE5}"
EndProject
Project("{FAE04EC0-301F-11D3-BF4B-00C04F79EFBC}") = "Unity.TextMeshPro", "Unity.TextMeshPro.csproj", "{A4C70686-CC16-6D02-6CAF-F1653AF2E4CE}"
EndProject
Project("{FAE04EC0-301F-11D3-BF4B-00C04F79EFBC}") = "Unity.Performance.Profile-Analyzer.Editor", "Unity.Performance.Profile-Analyzer.Editor.csproj", "{921ADB81-1208-8609-FFE1-B08DDB47B312}"
EndProject
Project("{FAE04EC0-301F-11D3-BF4B-00C04F79EFBC}") = "Unity.VSCode.Editor", "Unity.VSCode.Editor.csproj", "{00F36EC7-191F-93BD-C359-D1F89A885B07}"
EndProject
Project("{FAE04EC0-301F-11D3-BF4B-00C04F79EFBC}") = "Unity.TestTools.CodeCoverage.Editor.OpenCover.Mono.Reflection", "Unity.TestTools.CodeCoverage.Editor.OpenCover.Mono.Reflection.csproj", "{D9288D5A-81D9-9B6F-DE80-719A3ECDD57A}"
EndProject
Project("{FAE04EC0-301F-11D3-BF4B-00C04F79EFBC}") = "Unity.Settings.Editor", "Unity.Settings.Editor.csproj", "{1D996E50-EE60-172C-49E7-455631B479A4}"
EndProject
Project("{FAE04EC0-301F-11D3-BF4B-00C04F79EFBC}") = "Unity.EditorCoroutines.Editor", "Unity.EditorCoroutines.Editor.csproj", "{247711E2-143C-EAA8-7E3B-93D4FF9E4CA6}"
EndProject
Project("{FAE04EC0-301F-11D3-BF4B-00C04F79EFBC}") = "Unity.VisualScripting.Shared.Editor", "Unity.VisualScripting.Shared.Editor.csproj", "{10C15F03-AEC0-1EE0-F570-689F413E8BE7}"
EndProject
Project("{FAE04EC0-301F-11D3-BF4B-00C04F79EFBC}") = "Unity.Timeline", "Unity.Timeline.Player.csproj", "{E6E734A3-6AC2-6F87-D53B-D0545AA9275A}"
EndProject
Project("{FAE04EC0-301F-11D3-BF4B-00C04F79EFBC}") = "Unity.VisualScripting.Flow", "Unity.VisualScripting.Flow.Player.csproj", "{26CD89A2-88BA-1E8A-B638-6DD683E81EDE}"
EndProject
Project("{FAE04EC0-301F-11D3-BF4B-00C04F79EFBC}") = "Unity.VisualScripting.Core", "Unity.VisualScripting.Core.Player.csproj", "{60F26DA0-B6B3-B535-B730-6328FA0D8140}"
EndProject
Project("{FAE04EC0-301F-11D3-BF4B-00C04F79EFBC}") = "UnityEngine.TestRunner", "UnityEngine.TestRunner.Player.csproj", "{2BD7D32F-1322-770E-3C1C-2D72F31DBCC7}"
EndProject
Project("{FAE04EC0-301F-11D3-BF4B-00C04F79EFBC}") = "UnityEngine.UI", "UnityEngine.UI.Player.csproj", "{92AE503A-05A3-85E0-1DC7-182CA7733DF7}"
EndProject
Project("{FAE04EC0-301F-11D3-BF4B-00C04F79EFBC}") = "Unity.VisualScripting.State", "Unity.VisualScripting.State.Player.csproj", "{CBAC66EE-4F8B-C157-69C9-9247F85CB118}"
EndProject
Project("{FAE04EC0-301F-11D3-BF4B-00C04F79EFBC}") = "Unity.TextMeshPro", "Unity.TextMeshPro.Player.csproj", "{2331BEB6-B790-E7CB-F3ED-DADD530F6B0D}"
EndProject
Global
	GlobalSection(SolutionConfigurationPlatforms) = preSolution
		Debug|Any CPU = Debug|Any CPU
		Release|Any CPU = Release|Any CPU
	EndGlobalSection
	GlobalSection(ProjectConfigurationPlatforms) = postSolution
		{586FE5CE-9D34-AD5F-4EF5-2B89CB91B0F0}.Debug|Any CPU.ActiveCfg = Debug|Any CPU
		{586FE5CE-9D34-AD5F-4EF5-2B89CB91B0F0}.Debug|Any CPU.Build.0 = Debug|Any CPU
		{586FE5CE-9D34-AD5F-4EF5-2B89CB91B0F0}.Release|Any CPU.ActiveCfg = Release|Any CPU
		{586FE5CE-9D34-AD5F-4EF5-2B89CB91B0F0}.Release|Any CPU.Build.0 = Release|Any CPU
		{390A5B23-227B-F28B-E86D-DB576DA898F0}.Debug|Any CPU.ActiveCfg = Debug|Any CPU
		{390A5B23-227B-F28B-E86D-DB576DA898F0}.Debug|Any CPU.Build.0 = Debug|Any CPU
		{390A5B23-227B-F28B-E86D-DB576DA898F0}.Release|Any CPU.ActiveCfg = Release|Any CPU
		{390A5B23-227B-F28B-E86D-DB576DA898F0}.Release|Any CPU.Build.0 = Release|Any CPU
		{37F7C85D-7B21-540C-8C79-62F4CBFB28D8}.Debug|Any CPU.ActiveCfg = Debug|Any CPU
		{37F7C85D-7B21-540C-8C79-62F4CBFB28D8}.Debug|Any CPU.Build.0 = Debug|Any CPU
		{37F7C85D-7B21-540C-8C79-62F4CBFB28D8}.Release|Any CPU.ActiveCfg = Release|Any CPU
		{37F7C85D-7B21-540C-8C79-62F4CBFB28D8}.Release|Any CPU.Build.0 = Release|Any CPU
		{DFD9220E-7A90-B65F-5CC2-BE8F602F78BE}.Debug|Any CPU.ActiveCfg = Debug|Any CPU
		{DFD9220E-7A90-B65F-5CC2-BE8F602F78BE}.Debug|Any CPU.Build.0 = Debug|Any CPU
		{DFD9220E-7A90-B65F-5CC2-BE8F602F78BE}.Release|Any CPU.ActiveCfg = Release|Any CPU
		{DFD9220E-7A90-B65F-5CC2-BE8F602F78BE}.Release|Any CPU.Build.0 = Release|Any CPU
		{8B8FF86E-53C5-DE5D-5053-0DDB0065F6A6}.Debug|Any CPU.ActiveCfg = Debug|Any CPU
		{8B8FF86E-53C5-DE5D-5053-0DDB0065F6A6}.Debug|Any CPU.Build.0 = Debug|Any CPU
		{8B8FF86E-53C5-DE5D-5053-0DDB0065F6A6}.Release|Any CPU.ActiveCfg = Release|Any CPU
		{8B8FF86E-53C5-DE5D-5053-0DDB0065F6A6}.Release|Any CPU.Build.0 = Release|Any CPU
		{807E8D70-5757-B894-681C-14BE05FFCE8B}.Debug|Any CPU.ActiveCfg = Debug|Any CPU
		{807E8D70-5757-B894-681C-14BE05FFCE8B}.Debug|Any CPU.Build.0 = Debug|Any CPU
		{807E8D70-5757-B894-681C-14BE05FFCE8B}.Release|Any CPU.ActiveCfg = Release|Any CPU
		{807E8D70-5757-B894-681C-14BE05FFCE8B}.Release|Any CPU.Build.0 = Release|Any CPU
		{2C35886A-E435-0FB0-91F8-3DE66D264D2E}.Debug|Any CPU.ActiveCfg = Debug|Any CPU
		{2C35886A-E435-0FB0-91F8-3DE66D264D2E}.Debug|Any CPU.Build.0 = Debug|Any CPU
		{2C35886A-E435-0FB0-91F8-3DE66D264D2E}.Release|Any CPU.ActiveCfg = Release|Any CPU
		{2C35886A-E435-0FB0-91F8-3DE66D264D2E}.Release|Any CPU.Build.0 = Release|Any CPU
		{B046A7EB-6C79-2E57-5C26-1E8C06AB6DB8}.Debug|Any CPU.ActiveCfg = Debug|Any CPU
		{B046A7EB-6C79-2E57-5C26-1E8C06AB6DB8}.Debug|Any CPU.Build.0 = Debug|Any CPU
		{B046A7EB-6C79-2E57-5C26-1E8C06AB6DB8}.Release|Any CPU.ActiveCfg = Release|Any CPU
		{B046A7EB-6C79-2E57-5C26-1E8C06AB6DB8}.Release|Any CPU.Build.0 = Release|Any CPU
		{36787CEC-CCD7-5B32-0C8C-BEA252440EC3}.Debug|Any CPU.ActiveCfg = Debug|Any CPU
		{36787CEC-CCD7-5B32-0C8C-BEA252440EC3}.Debug|Any CPU.Build.0 = Debug|Any CPU
		{36787CEC-CCD7-5B32-0C8C-BEA252440EC3}.Release|Any CPU.ActiveCfg = Release|Any CPU
		{36787CEC-CCD7-5B32-0C8C-BEA252440EC3}.Release|Any CPU.Build.0 = Release|Any CPU
		{DED1D101-BFAB-A5D5-D4DD-A6BA0669877C}.Debug|Any CPU.ActiveCfg = Debug|Any CPU
		{DED1D101-BFAB-A5D5-D4DD-A6BA0669877C}.Debug|Any CPU.Build.0 = Debug|Any CPU
		{DED1D101-BFAB-A5D5-D4DD-A6BA0669877C}.Release|Any CPU.ActiveCfg = Release|Any CPU
		{DED1D101-BFAB-A5D5-D4DD-A6BA0669877C}.Release|Any CPU.Build.0 = Release|Any CPU
		{203A26B9-AC9C-3163-E207-EC55763F8C5E}.Debug|Any CPU.ActiveCfg = Debug|Any CPU
		{203A26B9-AC9C-3163-E207-EC55763F8C5E}.Debug|Any CPU.Build.0 = Debug|Any CPU
		{203A26B9-AC9C-3163-E207-EC55763F8C5E}.Release|Any CPU.ActiveCfg = Release|Any CPU
		{203A26B9-AC9C-3163-E207-EC55763F8C5E}.Release|Any CPU.Build.0 = Release|Any CPU
		{D34CA44D-A573-46C5-05FC-350B23D7EEF1}.Debug|Any CPU.ActiveCfg = Debug|Any CPU
		{D34CA44D-A573-46C5-05FC-350B23D7EEF1}.Debug|Any CPU.Build.0 = Debug|Any CPU
		{D34CA44D-A573-46C5-05FC-350B23D7EEF1}.Release|Any CPU.ActiveCfg = Release|Any CPU
		{D34CA44D-A573-46C5-05FC-350B23D7EEF1}.Release|Any CPU.Build.0 = Release|Any CPU
		{A756AAA7-DC0D-F335-E1B6-B3DFCEB9C8A6}.Debug|Any CPU.ActiveCfg = Debug|Any CPU
		{A756AAA7-DC0D-F335-E1B6-B3DFCEB9C8A6}.Debug|Any CPU.Build.0 = Debug|Any CPU
		{A756AAA7-DC0D-F335-E1B6-B3DFCEB9C8A6}.Release|Any CPU.ActiveCfg = Release|Any CPU
		{A756AAA7-DC0D-F335-E1B6-B3DFCEB9C8A6}.Release|Any CPU.Build.0 = Release|Any CPU
		{B520C8CC-AD81-D363-003A-E360B92CCD3A}.Debug|Any CPU.ActiveCfg = Debug|Any CPU
		{B520C8CC-AD81-D363-003A-E360B92CCD3A}.Debug|Any CPU.Build.0 = Debug|Any CPU
		{B520C8CC-AD81-D363-003A-E360B92CCD3A}.Release|Any CPU.ActiveCfg = Release|Any CPU
		{B520C8CC-AD81-D363-003A-E360B92CCD3A}.Release|Any CPU.Build.0 = Release|Any CPU
		{CB705C30-AD11-09EF-9D2F-335C0F76E7D7}.Debug|Any CPU.ActiveCfg = Debug|Any CPU
		{CB705C30-AD11-09EF-9D2F-335C0F76E7D7}.Debug|Any CPU.Build.0 = Debug|Any CPU
		{CB705C30-AD11-09EF-9D2F-335C0F76E7D7}.Release|Any CPU.ActiveCfg = Release|Any CPU
		{CB705C30-AD11-09EF-9D2F-335C0F76E7D7}.Release|Any CPU.Build.0 = Release|Any CPU
		{E05A178B-218B-872E-B1FD-9DBD578A3817}.Debug|Any CPU.ActiveCfg = Debug|Any CPU
		{E05A178B-218B-872E-B1FD-9DBD578A3817}.Debug|Any CPU.Build.0 = Debug|Any CPU
		{E05A178B-218B-872E-B1FD-9DBD578A3817}.Release|Any CPU.ActiveCfg = Release|Any CPU
		{E05A178B-218B-872E-B1FD-9DBD578A3817}.Release|Any CPU.Build.0 = Release|Any CPU
		{47C93A11-21C0-3BD6-7486-899A17443305}.Debug|Any CPU.ActiveCfg = Debug|Any CPU
		{47C93A11-21C0-3BD6-7486-899A17443305}.Debug|Any CPU.Build.0 = Debug|Any CPU
		{47C93A11-21C0-3BD6-7486-899A17443305}.Release|Any CPU.ActiveCfg = Release|Any CPU
		{47C93A11-21C0-3BD6-7486-899A17443305}.Release|Any CPU.Build.0 = Release|Any CPU
		{CDED9A78-CBF1-6045-A78A-4E50EC577A38}.Debug|Any CPU.ActiveCfg = Debug|Any CPU
		{CDED9A78-CBF1-6045-A78A-4E50EC577A38}.Debug|Any CPU.Build.0 = Debug|Any CPU
		{CDED9A78-CBF1-6045-A78A-4E50EC577A38}.Release|Any CPU.ActiveCfg = Release|Any CPU
		{CDED9A78-CBF1-6045-A78A-4E50EC577A38}.Release|Any CPU.Build.0 = Release|Any CPU
		{86A1C625-C8CF-271D-B18B-C6CBA8560CA6}.Debug|Any CPU.ActiveCfg = Debug|Any CPU
		{86A1C625-C8CF-271D-B18B-C6CBA8560CA6}.Debug|Any CPU.Build.0 = Debug|Any CPU
		{86A1C625-C8CF-271D-B18B-C6CBA8560CA6}.Release|Any CPU.ActiveCfg = Release|Any CPU
		{86A1C625-C8CF-271D-B18B-C6CBA8560CA6}.Release|Any CPU.Build.0 = Release|Any CPU
		{FF1CA2E1-3536-67AF-8BC6-EAE45C724DE5}.Debug|Any CPU.ActiveCfg = Debug|Any CPU
		{FF1CA2E1-3536-67AF-8BC6-EAE45C724DE5}.Debug|Any CPU.Build.0 = Debug|Any CPU
		{FF1CA2E1-3536-67AF-8BC6-EAE45C724DE5}.Release|Any CPU.ActiveCfg = Release|Any CPU
		{FF1CA2E1-3536-67AF-8BC6-EAE45C724DE5}.Release|Any CPU.Build.0 = Release|Any CPU
		{A4C70686-CC16-6D02-6CAF-F1653AF2E4CE}.Debug|Any CPU.ActiveCfg = Debug|Any CPU
		{A4C70686-CC16-6D02-6CAF-F1653AF2E4CE}.Debug|Any CPU.Build.0 = Debug|Any CPU
		{A4C70686-CC16-6D02-6CAF-F1653AF2E4CE}.Release|Any CPU.ActiveCfg = Release|Any CPU
		{A4C70686-CC16-6D02-6CAF-F1653AF2E4CE}.Release|Any CPU.Build.0 = Release|Any CPU
		{921ADB81-1208-8609-FFE1-B08DDB47B312}.Debug|Any CPU.ActiveCfg = Debug|Any CPU
		{921ADB81-1208-8609-FFE1-B08DDB47B312}.Debug|Any CPU.Build.0 = Debug|Any CPU
		{921ADB81-1208-8609-FFE1-B08DDB47B312}.Release|Any CPU.ActiveCfg = Release|Any CPU
		{921ADB81-1208-8609-FFE1-B08DDB47B312}.Release|Any CPU.Build.0 = Release|Any CPU
		{00F36EC7-191F-93BD-C359-D1F89A885B07}.Debug|Any CPU.ActiveCfg = Debug|Any CPU
		{00F36EC7-191F-93BD-C359-D1F89A885B07}.Debug|Any CPU.Build.0 = Debug|Any CPU
		{00F36EC7-191F-93BD-C359-D1F89A885B07}.Release|Any CPU.ActiveCfg = Release|Any CPU
		{00F36EC7-191F-93BD-C359-D1F89A885B07}.Release|Any CPU.Build.0 = Release|Any CPU
		{D9288D5A-81D9-9B6F-DE80-719A3ECDD57A}.Debug|Any CPU.ActiveCfg = Debug|Any CPU
		{D9288D5A-81D9-9B6F-DE80-719A3ECDD57A}.Debug|Any CPU.Build.0 = Debug|Any CPU
		{D9288D5A-81D9-9B6F-DE80-719A3ECDD57A}.Release|Any CPU.ActiveCfg = Release|Any CPU
		{D9288D5A-81D9-9B6F-DE80-719A3ECDD57A}.Release|Any CPU.Build.0 = Release|Any CPU
		{1D996E50-EE60-172C-49E7-455631B479A4}.Debug|Any CPU.ActiveCfg = Debug|Any CPU
		{1D996E50-EE60-172C-49E7-455631B479A4}.Debug|Any CPU.Build.0 = Debug|Any CPU
		{1D996E50-EE60-172C-49E7-455631B479A4}.Release|Any CPU.ActiveCfg = Release|Any CPU
		{1D996E50-EE60-172C-49E7-455631B479A4}.Release|Any CPU.Build.0 = Release|Any CPU
		{247711E2-143C-EAA8-7E3B-93D4FF9E4CA6}.Debug|Any CPU.ActiveCfg = Debug|Any CPU
		{247711E2-143C-EAA8-7E3B-93D4FF9E4CA6}.Debug|Any CPU.Build.0 = Debug|Any CPU
		{247711E2-143C-EAA8-7E3B-93D4FF9E4CA6}.Release|Any CPU.ActiveCfg = Release|Any CPU
		{247711E2-143C-EAA8-7E3B-93D4FF9E4CA6}.Release|Any CPU.Build.0 = Release|Any CPU
		{10C15F03-AEC0-1EE0-F570-689F413E8BE7}.Debug|Any CPU.ActiveCfg = Debug|Any CPU
		{10C15F03-AEC0-1EE0-F570-689F413E8BE7}.Debug|Any CPU.Build.0 = Debug|Any CPU
		{10C15F03-AEC0-1EE0-F570-689F413E8BE7}.Release|Any CPU.ActiveCfg = Release|Any CPU
		{10C15F03-AEC0-1EE0-F570-689F413E8BE7}.Release|Any CPU.Build.0 = Release|Any CPU
		{E6E734A3-6AC2-6F87-D53B-D0545AA9275A}.Debug|Any CPU.ActiveCfg = Debug|Any CPU
		{E6E734A3-6AC2-6F87-D53B-D0545AA9275A}.Debug|Any CPU.Build.0 = Debug|Any CPU
		{E6E734A3-6AC2-6F87-D53B-D0545AA9275A}.Release|Any CPU.ActiveCfg = Release|Any CPU
		{E6E734A3-6AC2-6F87-D53B-D0545AA9275A}.Release|Any CPU.Build.0 = Release|Any CPU
		{26CD89A2-88BA-1E8A-B638-6DD683E81EDE}.Debug|Any CPU.ActiveCfg = Debug|Any CPU
		{26CD89A2-88BA-1E8A-B638-6DD683E81EDE}.Debug|Any CPU.Build.0 = Debug|Any CPU
		{26CD89A2-88BA-1E8A-B638-6DD683E81EDE}.Release|Any CPU.ActiveCfg = Release|Any CPU
		{26CD89A2-88BA-1E8A-B638-6DD683E81EDE}.Release|Any CPU.Build.0 = Release|Any CPU
		{60F26DA0-B6B3-B535-B730-6328FA0D8140}.Debug|Any CPU.ActiveCfg = Debug|Any CPU
		{60F26DA0-B6B3-B535-B730-6328FA0D8140}.Debug|Any CPU.Build.0 = Debug|Any CPU
		{60F26DA0-B6B3-B535-B730-6328FA0D8140}.Release|Any CPU.ActiveCfg = Release|Any CPU
		{60F26DA0-B6B3-B535-B730-6328FA0D8140}.Release|Any CPU.Build.0 = Release|Any CPU
		{2BD7D32F-1322-770E-3C1C-2D72F31DBCC7}.Debug|Any CPU.ActiveCfg = Debug|Any CPU
		{2BD7D32F-1322-770E-3C1C-2D72F31DBCC7}.Debug|Any CPU.Build.0 = Debug|Any CPU
		{2BD7D32F-1322-770E-3C1C-2D72F31DBCC7}.Release|Any CPU.ActiveCfg = Release|Any CPU
		{2BD7D32F-1322-770E-3C1C-2D72F31DBCC7}.Release|Any CPU.Build.0 = Release|Any CPU
		{92AE503A-05A3-85E0-1DC7-182CA7733DF7}.Debug|Any CPU.ActiveCfg = Debug|Any CPU
		{92AE503A-05A3-85E0-1DC7-182CA7733DF7}.Debug|Any CPU.Build.0 = Debug|Any CPU
		{92AE503A-05A3-85E0-1DC7-182CA7733DF7}.Release|Any CPU.ActiveCfg = Release|Any CPU
		{92AE503A-05A3-85E0-1DC7-182CA7733DF7}.Release|Any CPU.Build.0 = Release|Any CPU
		{CBAC66EE-4F8B-C157-69C9-9247F85CB118}.Debug|Any CPU.ActiveCfg = Debug|Any CPU
		{CBAC66EE-4F8B-C157-69C9-9247F85CB118}.Debug|Any CPU.Build.0 = Debug|Any CPU
		{CBAC66EE-4F8B-C157-69C9-9247F85CB118}.Release|Any CPU.ActiveCfg = Release|Any CPU
		{CBAC66EE-4F8B-C157-69C9-9247F85CB118}.Release|Any CPU.Build.0 = Release|Any CPU
		{2331BEB6-B790-E7CB-F3ED-DADD530F6B0D}.Debug|Any CPU.ActiveCfg = Debug|Any CPU
		{2331BEB6-B790-E7CB-F3ED-DADD530F6B0D}.Debug|Any CPU.Build.0 = Debug|Any CPU
		{2331BEB6-B790-E7CB-F3ED-DADD530F6B0D}.Release|Any CPU.ActiveCfg = Release|Any CPU
		{2331BEB6-B790-E7CB-F3ED-DADD530F6B0D}.Release|Any CPU.Build.0 = Release|Any CPU
	EndGlobalSection
	GlobalSection(SolutionProperties) = preSolution
		HideSolutionNode = FALSE
	EndGlobalSection
EndGlobal
