
Microsoft Visual Studio Solution File, Format Version 12.00
# Visual Studio 15
Project("{FAE04EC0-301F-11D3-BF4B-00C04F79EFBC}") = "Unity.Timeline", "Unity.Timeline.csproj", "{9DFFDA6F-6AC9-4A08-5201-CD3BB29E1972}"
EndProject
Project("{FAE04EC0-301F-11D3-BF4B-00C04F79EFBC}") = "Unity.Timeline.Editor", "Unity.Timeline.Editor.csproj", "{4CD53330-A424-90C1-CCEA-650E78CC50D2}"
EndProject
Project("{FAE04EC0-301F-11D3-BF4B-00C04F79EFBC}") = "Unity.TextMeshPro.Editor", "Unity.TextMeshPro.Editor.csproj", "{DFD004A1-1132-DBCD-4836-3178E7D38ED9}"
EndProject
Project("{FAE04EC0-301F-11D3-BF4B-00C04F79EFBC}") = "Unity.PlasticSCM.Editor", "Unity.PlasticSCM.Editor.csproj", "{D0D4AAC4-4488-4AFF-607A-C39FBB943C41}"
EndProject
Project("{FAE04EC0-301F-11D3-BF4B-00C04F79EFBC}") = "Unity.VisualScripting.Flow", "Unity.VisualScripting.Flow.csproj", "{66E4A67F-B188-4D3F-CEEC-6CD5BD00A077}"
EndProject
Project("{FAE04EC0-301F-11D3-BF4B-00C04F79EFBC}") = "UnityEditor.UI", "UnityEditor.UI.csproj", "{D2EB4226-E75C-6C2F-EC26-A777BBEB4A45}"
EndProject
Project("{FAE04EC0-301F-11D3-BF4B-00C04F79EFBC}") = "Unity.VisualScripting.Core", "Unity.VisualScripting.Core.csproj", "{1DB8AA6E-2BCC-E177-8B49-A03D4D32557A}"
EndProject
Project("{FAE04EC0-301F-11D3-BF4B-00C04F79EFBC}") = "Unity.VisualScripting.Core.Editor", "Unity.VisualScripting.Core.Editor.csproj", "{A3E17DED-72F3-131A-6ECF-AE818B02B4C0}"
EndProject
Project("{FAE04EC0-301F-11D3-BF4B-00C04F79EFBC}") = "Unity.VisualScripting.Flow.Editor", "Unity.VisualScripting.Flow.Editor.csproj", "{DCF57344-6737-F778-3E8C-872546EA0F2E}"
EndProject
Project("{FAE04EC0-301F-11D3-BF4B-00C04F79EFBC}") = "UnityEditor.TestRunner", "UnityEditor.TestRunner.csproj", "{EF7AAB72-DFE4-4284-FC47-5FDBA0B55F2E}"
EndProject
Project("{FAE04EC0-301F-11D3-BF4B-00C04F79EFBC}") = "Unity.VisualScripting.SettingsProvider.Editor", "Unity.VisualScripting.SettingsProvider.Editor.csproj", "{926ADA99-DCF2-845D-0A89-9A00C11155D4}"
EndProject
Project("{FAE04EC0-301F-11D3-BF4B-00C04F79EFBC}") = "UnityEngine.TestRunner", "UnityEngine.TestRunner.csproj", "{10328E0E-9F02-4230-DCC1-BEDF2892B6D2}"
EndProject
Project("{FAE04EC0-301F-11D3-BF4B-00C04F79EFBC}") = "UnityEngine.UI", "UnityEngine.UI.csproj", "{DB51F38D-6368-329C-0775-B0BBAF21E477}"
EndProject
Project("{FAE04EC0-301F-11D3-BF4B-00C04F79EFBC}") = "Unity.VisualStudio.Editor", "Unity.VisualStudio.Editor.csproj", "{E11E5D3E-058C-44D1-F5F8-8B629CF959AD}"
EndProject
Project("{FAE04EC0-301F-11D3-BF4B-00C04F79EFBC}") = "Unity.TestTools.CodeCoverage.Editor.OpenCover.Model", "Unity.TestTools.CodeCoverage.Editor.OpenCover.Model.csproj", "{17D513BD-3AD7-0C60-C410-571FE9BEA4FD}"
EndProject
Project("{FAE04EC0-301F-11D3-BF4B-00C04F79EFBC}") = "Unity.Rider.Editor", "Unity.Rider.Editor.csproj", "{4CDCB91C-AD88-670D-38E9-13958D986A29}"
EndProject
Project("{FAE04EC0-301F-11D3-BF4B-00C04F79EFBC}") = "Unity.CollabProxy.Editor", "Unity.CollabProxy.Editor.csproj", "{E9A7AFB0-1A49-8F75-6154-9A869520E72F}"
EndProject
Project("{FAE04EC0-301F-11D3-BF4B-00C04F79EFBC}") = "Unity.VisualScripting.State.Editor", "Unity.VisualScripting.State.Editor.csproj", "{2811E51D-A750-AD39-2168-356A29EF3934}"
EndProject
Project("{FAE04EC0-301F-11D3-BF4B-00C04F79EFBC}") = "Unity.TestTools.CodeCoverage.Editor", "Unity.TestTools.CodeCoverage.Editor.csproj", "{3B97D656-BF87-E7BD-A59C-F3F9D3826A18}"
EndProject
Project("{FAE04EC0-301F-11D3-BF4B-00C04F79EFBC}") = "Unity.VisualScripting.State", "Unity.VisualScripting.State.csproj", "{E5FAED05-031B-A921-A769-99E2E4104605}"
EndProject
Project("{FAE04EC0-301F-11D3-BF4B-00C04F79EFBC}") = "Unity.TextMeshPro", "Unity.TextMeshPro.csproj", "{DDE0A41C-7A7F-F6F0-BCDF-7D87CEB8F9D4}"
EndProject
Project("{FAE04EC0-301F-11D3-BF4B-00C04F79EFBC}") = "Unity.Performance.Profile-Analyzer.Editor", "Unity.Performance.Profile-Analyzer.Editor.csproj", "{81B86288-D6AD-5517-F5A4-CBB10E3F362C}"
EndProject
Project("{FAE04EC0-301F-11D3-BF4B-00C04F79EFBC}") = "Unity.VSCode.Editor", "Unity.VSCode.Editor.csproj", "{281680E2-6105-6950-A1D4-C78DC26404B3}"
EndProject
Project("{FAE04EC0-301F-11D3-BF4B-00C04F79EFBC}") = "Unity.TestTools.CodeCoverage.Editor.OpenCover.Mono.Reflection", "Unity.TestTools.CodeCoverage.Editor.OpenCover.Mono.Reflection.csproj", "{22EBA97A-DCA2-BC96-BA04-5477477E6A1C}"
EndProject
Project("{FAE04EC0-301F-11D3-BF4B-00C04F79EFBC}") = "Unity.Settings.Editor", "Unity.Settings.Editor.csproj", "{5DA87F7A-ECF9-47CC-CE00-BD9397D10894}"
EndProject
Project("{FAE04EC0-301F-11D3-BF4B-00C04F79EFBC}") = "Unity.EditorCoroutines.Editor", "Unity.EditorCoroutines.Editor.csproj", "{B0F97972-76D7-BC99-C0E6-F314AFCD294F}"
EndProject
Project("{FAE04EC0-301F-11D3-BF4B-00C04F79EFBC}") = "Unity.VisualScripting.Shared.Editor", "Unity.VisualScripting.Shared.Editor.csproj", "{73DC7717-3844-5D1E-F08B-039DDB3D22A9}"
EndProject
Project("{FAE04EC0-301F-11D3-BF4B-00C04F79EFBC}") = "Unity.Timeline", "Unity.Timeline.Player.csproj", "{1AC9D85F-50E6-572D-20D7-E4D9D4F5F971}"
EndProject
Project("{FAE04EC0-301F-11D3-BF4B-00C04F79EFBC}") = "Unity.VisualScripting.Flow", "Unity.VisualScripting.Flow.Player.csproj", "{FADBD675-6BA4-E213-692D-8BACF273DEC4}"
EndProject
Project("{FAE04EC0-301F-11D3-BF4B-00C04F79EFBC}") = "Unity.VisualScripting.Core", "Unity.VisualScripting.Core.Player.csproj", "{212165FC-1163-866C-5FDF-5653043EE228}"
EndProject
Project("{FAE04EC0-301F-11D3-BF4B-00C04F79EFBC}") = "UnityEngine.TestRunner", "UnityEngine.TestRunner.Player.csproj", "{63D28063-B9F5-2E23-9299-556840F6178B}"
EndProject
Project("{FAE04EC0-301F-11D3-BF4B-00C04F79EFBC}") = "UnityEngine.UI", "UnityEngine.UI.Player.csproj", "{18D260E8-45CC-EFB4-32A8-0FDC83776C3C}"
EndProject
Project("{FAE04EC0-301F-11D3-BF4B-00C04F79EFBC}") = "Unity.VisualScripting.State", "Unity.VisualScripting.State.Player.csproj", "{92E96541-6380-B488-8C5C-341527B728A1}"
EndProject
Project("{FAE04EC0-301F-11D3-BF4B-00C04F79EFBC}") = "Unity.TextMeshPro", "Unity.TextMeshPro.Player.csproj", "{CD11F191-181D-D5D9-BCE6-947C67805480}"
EndProject
Global
	GlobalSection(SolutionConfigurationPlatforms) = preSolution
		Debug|Any CPU = Debug|Any CPU
		Release|Any CPU = Release|Any CPU
	EndGlobalSection
	GlobalSection(ProjectConfigurationPlatforms) = postSolution
		{9DFFDA6F-6AC9-4A08-5201-CD3BB29E1972}.Debug|Any CPU.ActiveCfg = Debug|Any CPU
		{9DFFDA6F-6AC9-4A08-5201-CD3BB29E1972}.Debug|Any CPU.Build.0 = Debug|Any CPU
		{9DFFDA6F-6AC9-4A08-5201-CD3BB29E1972}.Release|Any CPU.ActiveCfg = Release|Any CPU
		{9DFFDA6F-6AC9-4A08-5201-CD3BB29E1972}.Release|Any CPU.Build.0 = Release|Any CPU
		{4CD53330-A424-90C1-CCEA-650E78CC50D2}.Debug|Any CPU.ActiveCfg = Debug|Any CPU
		{4CD53330-A424-90C1-CCEA-650E78CC50D2}.Debug|Any CPU.Build.0 = Debug|Any CPU
		{4CD53330-A424-90C1-CCEA-650E78CC50D2}.Release|Any CPU.ActiveCfg = Release|Any CPU
		{4CD53330-A424-90C1-CCEA-650E78CC50D2}.Release|Any CPU.Build.0 = Release|Any CPU
		{DFD004A1-1132-DBCD-4836-3178E7D38ED9}.Debug|Any CPU.ActiveCfg = Debug|Any CPU
		{DFD004A1-1132-DBCD-4836-3178E7D38ED9}.Debug|Any CPU.Build.0 = Debug|Any CPU
		{DFD004A1-1132-DBCD-4836-3178E7D38ED9}.Release|Any CPU.ActiveCfg = Release|Any CPU
		{DFD004A1-1132-DBCD-4836-3178E7D38ED9}.Release|Any CPU.Build.0 = Release|Any CPU
		{D0D4AAC4-4488-4AFF-607A-C39FBB943C41}.Debug|Any CPU.ActiveCfg = Debug|Any CPU
		{D0D4AAC4-4488-4AFF-607A-C39FBB943C41}.Debug|Any CPU.Build.0 = Debug|Any CPU
		{D0D4AAC4-4488-4AFF-607A-C39FBB943C41}.Release|Any CPU.ActiveCfg = Release|Any CPU
		{D0D4AAC4-4488-4AFF-607A-C39FBB943C41}.Release|Any CPU.Build.0 = Release|Any CPU
		{66E4A67F-B188-4D3F-CEEC-6CD5BD00A077}.Debug|Any CPU.ActiveCfg = Debug|Any CPU
		{66E4A67F-B188-4D3F-CEEC-6CD5BD00A077}.Debug|Any CPU.Build.0 = Debug|Any CPU
		{66E4A67F-B188-4D3F-CEEC-6CD5BD00A077}.Release|Any CPU.ActiveCfg = Release|Any CPU
		{66E4A67F-B188-4D3F-CEEC-6CD5BD00A077}.Release|Any CPU.Build.0 = Release|Any CPU
		{D2EB4226-E75C-6C2F-EC26-A777BBEB4A45}.Debug|Any CPU.ActiveCfg = Debug|Any CPU
		{D2EB4226-E75C-6C2F-EC26-A777BBEB4A45}.Debug|Any CPU.Build.0 = Debug|Any CPU
		{D2EB4226-E75C-6C2F-EC26-A777BBEB4A45}.Release|Any CPU.ActiveCfg = Release|Any CPU
		{D2EB4226-E75C-6C2F-EC26-A777BBEB4A45}.Release|Any CPU.Build.0 = Release|Any CPU
		{1DB8AA6E-2BCC-E177-8B49-A03D4D32557A}.Debug|Any CPU.ActiveCfg = Debug|Any CPU
		{1DB8AA6E-2BCC-E177-8B49-A03D4D32557A}.Debug|Any CPU.Build.0 = Debug|Any CPU
		{1DB8AA6E-2BCC-E177-8B49-A03D4D32557A}.Release|Any CPU.ActiveCfg = Release|Any CPU
		{1DB8AA6E-2BCC-E177-8B49-A03D4D32557A}.Release|Any CPU.Build.0 = Release|Any CPU
		{A3E17DED-72F3-131A-6ECF-AE818B02B4C0}.Debug|Any CPU.ActiveCfg = Debug|Any CPU
		{A3E17DED-72F3-131A-6ECF-AE818B02B4C0}.Debug|Any CPU.Build.0 = Debug|Any CPU
		{A3E17DED-72F3-131A-6ECF-AE818B02B4C0}.Release|Any CPU.ActiveCfg = Release|Any CPU
		{A3E17DED-72F3-131A-6ECF-AE818B02B4C0}.Release|Any CPU.Build.0 = Release|Any CPU
		{DCF57344-6737-F778-3E8C-872546EA0F2E}.Debug|Any CPU.ActiveCfg = Debug|Any CPU
		{DCF57344-6737-F778-3E8C-872546EA0F2E}.Debug|Any CPU.Build.0 = Debug|Any CPU
		{DCF57344-6737-F778-3E8C-872546EA0F2E}.Release|Any CPU.ActiveCfg = Release|Any CPU
		{DCF57344-6737-F778-3E8C-872546EA0F2E}.Release|Any CPU.Build.0 = Release|Any CPU
		{EF7AAB72-DFE4-4284-FC47-5FDBA0B55F2E}.Debug|Any CPU.ActiveCfg = Debug|Any CPU
		{EF7AAB72-DFE4-4284-FC47-5FDBA0B55F2E}.Debug|Any CPU.Build.0 = Debug|Any CPU
		{EF7AAB72-DFE4-4284-FC47-5FDBA0B55F2E}.Release|Any CPU.ActiveCfg = Release|Any CPU
		{EF7AAB72-DFE4-4284-FC47-5FDBA0B55F2E}.Release|Any CPU.Build.0 = Release|Any CPU
		{926ADA99-DCF2-845D-0A89-9A00C11155D4}.Debug|Any CPU.ActiveCfg = Debug|Any CPU
		{926ADA99-DCF2-845D-0A89-9A00C11155D4}.Debug|Any CPU.Build.0 = Debug|Any CPU
		{926ADA99-DCF2-845D-0A89-9A00C11155D4}.Release|Any CPU.ActiveCfg = Release|Any CPU
		{926ADA99-DCF2-845D-0A89-9A00C11155D4}.Release|Any CPU.Build.0 = Release|Any CPU
		{10328E0E-9F02-4230-DCC1-BEDF2892B6D2}.Debug|Any CPU.ActiveCfg = Debug|Any CPU
		{10328E0E-9F02-4230-DCC1-BEDF2892B6D2}.Debug|Any CPU.Build.0 = Debug|Any CPU
		{10328E0E-9F02-4230-DCC1-BEDF2892B6D2}.Release|Any CPU.ActiveCfg = Release|Any CPU
		{10328E0E-9F02-4230-DCC1-BEDF2892B6D2}.Release|Any CPU.Build.0 = Release|Any CPU
		{DB51F38D-6368-329C-0775-B0BBAF21E477}.Debug|Any CPU.ActiveCfg = Debug|Any CPU
		{DB51F38D-6368-329C-0775-B0BBAF21E477}.Debug|Any CPU.Build.0 = Debug|Any CPU
		{DB51F38D-6368-329C-0775-B0BBAF21E477}.Release|Any CPU.ActiveCfg = Release|Any CPU
		{DB51F38D-6368-329C-0775-B0BBAF21E477}.Release|Any CPU.Build.0 = Release|Any CPU
		{E11E5D3E-058C-44D1-F5F8-8B629CF959AD}.Debug|Any CPU.ActiveCfg = Debug|Any CPU
		{E11E5D3E-058C-44D1-F5F8-8B629CF959AD}.Debug|Any CPU.Build.0 = Debug|Any CPU
		{E11E5D3E-058C-44D1-F5F8-8B629CF959AD}.Release|Any CPU.ActiveCfg = Release|Any CPU
		{E11E5D3E-058C-44D1-F5F8-8B629CF959AD}.Release|Any CPU.Build.0 = Release|Any CPU
		{17D513BD-3AD7-0C60-C410-571FE9BEA4FD}.Debug|Any CPU.ActiveCfg = Debug|Any CPU
		{17D513BD-3AD7-0C60-C410-571FE9BEA4FD}.Debug|Any CPU.Build.0 = Debug|Any CPU
		{17D513BD-3AD7-0C60-C410-571FE9BEA4FD}.Release|Any CPU.ActiveCfg = Release|Any CPU
		{17D513BD-3AD7-0C60-C410-571FE9BEA4FD}.Release|Any CPU.Build.0 = Release|Any CPU
		{4CDCB91C-AD88-670D-38E9-13958D986A29}.Debug|Any CPU.ActiveCfg = Debug|Any CPU
		{4CDCB91C-AD88-670D-38E9-13958D986A29}.Debug|Any CPU.Build.0 = Debug|Any CPU
		{4CDCB91C-AD88-670D-38E9-13958D986A29}.Release|Any CPU.ActiveCfg = Release|Any CPU
		{4CDCB91C-AD88-670D-38E9-13958D986A29}.Release|Any CPU.Build.0 = Release|Any CPU
		{E9A7AFB0-1A49-8F75-6154-9A869520E72F}.Debug|Any CPU.ActiveCfg = Debug|Any CPU
		{E9A7AFB0-1A49-8F75-6154-9A869520E72F}.Debug|Any CPU.Build.0 = Debug|Any CPU
		{E9A7AFB0-1A49-8F75-6154-9A869520E72F}.Release|Any CPU.ActiveCfg = Release|Any CPU
		{E9A7AFB0-1A49-8F75-6154-9A869520E72F}.Release|Any CPU.Build.0 = Release|Any CPU
		{2811E51D-A750-AD39-2168-356A29EF3934}.Debug|Any CPU.ActiveCfg = Debug|Any CPU
		{2811E51D-A750-AD39-2168-356A29EF3934}.Debug|Any CPU.Build.0 = Debug|Any CPU
		{2811E51D-A750-AD39-2168-356A29EF3934}.Release|Any CPU.ActiveCfg = Release|Any CPU
		{2811E51D-A750-AD39-2168-356A29EF3934}.Release|Any CPU.Build.0 = Release|Any CPU
		{3B97D656-BF87-E7BD-A59C-F3F9D3826A18}.Debug|Any CPU.ActiveCfg = Debug|Any CPU
		{3B97D656-BF87-E7BD-A59C-F3F9D3826A18}.Debug|Any CPU.Build.0 = Debug|Any CPU
		{3B97D656-BF87-E7BD-A59C-F3F9D3826A18}.Release|Any CPU.ActiveCfg = Release|Any CPU
		{3B97D656-BF87-E7BD-A59C-F3F9D3826A18}.Release|Any CPU.Build.0 = Release|Any CPU
		{E5FAED05-031B-A921-A769-99E2E4104605}.Debug|Any CPU.ActiveCfg = Debug|Any CPU
		{E5FAED05-031B-A921-A769-99E2E4104605}.Debug|Any CPU.Build.0 = Debug|Any CPU
		{E5FAED05-031B-A921-A769-99E2E4104605}.Release|Any CPU.ActiveCfg = Release|Any CPU
		{E5FAED05-031B-A921-A769-99E2E4104605}.Release|Any CPU.Build.0 = Release|Any CPU
		{DDE0A41C-7A7F-F6F0-BCDF-7D87CEB8F9D4}.Debug|Any CPU.ActiveCfg = Debug|Any CPU
		{DDE0A41C-7A7F-F6F0-BCDF-7D87CEB8F9D4}.Debug|Any CPU.Build.0 = Debug|Any CPU
		{DDE0A41C-7A7F-F6F0-BCDF-7D87CEB8F9D4}.Release|Any CPU.ActiveCfg = Release|Any CPU
		{DDE0A41C-7A7F-F6F0-BCDF-7D87CEB8F9D4}.Release|Any CPU.Build.0 = Release|Any CPU
		{81B86288-D6AD-5517-F5A4-CBB10E3F362C}.Debug|Any CPU.ActiveCfg = Debug|Any CPU
		{81B86288-D6AD-5517-F5A4-CBB10E3F362C}.Debug|Any CPU.Build.0 = Debug|Any CPU
		{81B86288-D6AD-5517-F5A4-CBB10E3F362C}.Release|Any CPU.ActiveCfg = Release|Any CPU
		{81B86288-D6AD-5517-F5A4-CBB10E3F362C}.Release|Any CPU.Build.0 = Release|Any CPU
		{281680E2-6105-6950-A1D4-C78DC26404B3}.Debug|Any CPU.ActiveCfg = Debug|Any CPU
		{281680E2-6105-6950-A1D4-C78DC26404B3}.Debug|Any CPU.Build.0 = Debug|Any CPU
		{281680E2-6105-6950-A1D4-C78DC26404B3}.Release|Any CPU.ActiveCfg = Release|Any CPU
		{281680E2-6105-6950-A1D4-C78DC26404B3}.Release|Any CPU.Build.0 = Release|Any CPU
		{22EBA97A-DCA2-BC96-BA04-5477477E6A1C}.Debug|Any CPU.ActiveCfg = Debug|Any CPU
		{22EBA97A-DCA2-BC96-BA04-5477477E6A1C}.Debug|Any CPU.Build.0 = Debug|Any CPU
		{22EBA97A-DCA2-BC96-BA04-5477477E6A1C}.Release|Any CPU.ActiveCfg = Release|Any CPU
		{22EBA97A-DCA2-BC96-BA04-5477477E6A1C}.Release|Any CPU.Build.0 = Release|Any CPU
		{5DA87F7A-ECF9-47CC-CE00-BD9397D10894}.Debug|Any CPU.ActiveCfg = Debug|Any CPU
		{5DA87F7A-ECF9-47CC-CE00-BD9397D10894}.Debug|Any CPU.Build.0 = Debug|Any CPU
		{5DA87F7A-ECF9-47CC-CE00-BD9397D10894}.Release|Any CPU.ActiveCfg = Release|Any CPU
		{5DA87F7A-ECF9-47CC-CE00-BD9397D10894}.Release|Any CPU.Build.0 = Release|Any CPU
		{B0F97972-76D7-BC99-C0E6-F314AFCD294F}.Debug|Any CPU.ActiveCfg = Debug|Any CPU
		{B0F97972-76D7-BC99-C0E6-F314AFCD294F}.Debug|Any CPU.Build.0 = Debug|Any CPU
		{B0F97972-76D7-BC99-C0E6-F314AFCD294F}.Release|Any CPU.ActiveCfg = Release|Any CPU
		{B0F97972-76D7-BC99-C0E6-F314AFCD294F}.Release|Any CPU.Build.0 = Release|Any CPU
		{73DC7717-3844-5D1E-F08B-039DDB3D22A9}.Debug|Any CPU.ActiveCfg = Debug|Any CPU
		{73DC7717-3844-5D1E-F08B-039DDB3D22A9}.Debug|Any CPU.Build.0 = Debug|Any CPU
		{73DC7717-3844-5D1E-F08B-039DDB3D22A9}.Release|Any CPU.ActiveCfg = Release|Any CPU
		{73DC7717-3844-5D1E-F08B-039DDB3D22A9}.Release|Any CPU.Build.0 = Release|Any CPU
		{1AC9D85F-50E6-572D-20D7-E4D9D4F5F971}.Debug|Any CPU.ActiveCfg = Debug|Any CPU
		{1AC9D85F-50E6-572D-20D7-E4D9D4F5F971}.Debug|Any CPU.Build.0 = Debug|Any CPU
		{1AC9D85F-50E6-572D-20D7-E4D9D4F5F971}.Release|Any CPU.ActiveCfg = Release|Any CPU
		{1AC9D85F-50E6-572D-20D7-E4D9D4F5F971}.Release|Any CPU.Build.0 = Release|Any CPU
		{FADBD675-6BA4-E213-692D-8BACF273DEC4}.Debug|Any CPU.ActiveCfg = Debug|Any CPU
		{FADBD675-6BA4-E213-692D-8BACF273DEC4}.Debug|Any CPU.Build.0 = Debug|Any CPU
		{FADBD675-6BA4-E213-692D-8BACF273DEC4}.Release|Any CPU.ActiveCfg = Release|Any CPU
		{FADBD675-6BA4-E213-692D-8BACF273DEC4}.Release|Any CPU.Build.0 = Release|Any CPU
		{212165FC-1163-866C-5FDF-5653043EE228}.Debug|Any CPU.ActiveCfg = Debug|Any CPU
		{212165FC-1163-866C-5FDF-5653043EE228}.Debug|Any CPU.Build.0 = Debug|Any CPU
		{212165FC-1163-866C-5FDF-5653043EE228}.Release|Any CPU.ActiveCfg = Release|Any CPU
		{212165FC-1163-866C-5FDF-5653043EE228}.Release|Any CPU.Build.0 = Release|Any CPU
		{63D28063-B9F5-2E23-9299-556840F6178B}.Debug|Any CPU.ActiveCfg = Debug|Any CPU
		{63D28063-B9F5-2E23-9299-556840F6178B}.Debug|Any CPU.Build.0 = Debug|Any CPU
		{63D28063-B9F5-2E23-9299-556840F6178B}.Release|Any CPU.ActiveCfg = Release|Any CPU
		{63D28063-B9F5-2E23-9299-556840F6178B}.Release|Any CPU.Build.0 = Release|Any CPU
		{18D260E8-45CC-EFB4-32A8-0FDC83776C3C}.Debug|Any CPU.ActiveCfg = Debug|Any CPU
		{18D260E8-45CC-EFB4-32A8-0FDC83776C3C}.Debug|Any CPU.Build.0 = Debug|Any CPU
		{18D260E8-45CC-EFB4-32A8-0FDC83776C3C}.Release|Any CPU.ActiveCfg = Release|Any CPU
		{18D260E8-45CC-EFB4-32A8-0FDC83776C3C}.Release|Any CPU.Build.0 = Release|Any CPU
		{92E96541-6380-B488-8C5C-341527B728A1}.Debug|Any CPU.ActiveCfg = Debug|Any CPU
		{92E96541-6380-B488-8C5C-341527B728A1}.Debug|Any CPU.Build.0 = Debug|Any CPU
		{92E96541-6380-B488-8C5C-341527B728A1}.Release|Any CPU.ActiveCfg = Release|Any CPU
		{92E96541-6380-B488-8C5C-341527B728A1}.Release|Any CPU.Build.0 = Release|Any CPU
		{CD11F191-181D-D5D9-BCE6-947C67805480}.Debug|Any CPU.ActiveCfg = Debug|Any CPU
		{CD11F191-181D-D5D9-BCE6-947C67805480}.Debug|Any CPU.Build.0 = Debug|Any CPU
		{CD11F191-181D-D5D9-BCE6-947C67805480}.Release|Any CPU.ActiveCfg = Release|Any CPU
		{CD11F191-181D-D5D9-BCE6-947C67805480}.Release|Any CPU.Build.0 = Release|Any CPU
	EndGlobalSection
	GlobalSection(SolutionProperties) = preSolution
		HideSolutionNode = FALSE
	EndGlobalSection
EndGlobal
